
Microsoft Visual Studio Solution File, Format Version 12.00
# Visual Studio Version 16
VisualStudioVersion = 16.0.30804.86
MinimumVisualStudioVersion = 10.0.40219.1
Project("{FAE04EC0-301F-11D3-BF4B-00C04F79EFBC}") = "Chronos", "Chronos\Chronos.csproj", "{C2047B22-70CE-4280-B8F7-F27567EE8F6D}"
EndProject
Global
	GlobalSection(SolutionConfigurationPlatforms) = preSolution
		Debug|Any CPU = Debug|Any CPU
		Release|Any CPU = Release|Any CPU
	EndGlobalSection
	GlobalSection(ProjectConfigurationPlatforms) = postSolution
		{C2047B22-70CE-4280-B8F7-F27567EE8F6D}.Debug|Any CPU.ActiveCfg = Debug|Any CPU
		{C2047B22-70CE-4280-B8F7-F27567EE8F6D}.Debug|Any CPU.Build.0 = Debug|Any CPU
		{C2047B22-70CE-4280-B8F7-F27567EE8F6D}.Release|Any CPU.ActiveCfg = Release|Any CPU
		{C2047B22-70CE-4280-B8F7-F27567EE8F6D}.Release|Any CPU.Build.0 = Release|Any CPU
	EndGlobalSection
	GlobalSection(SolutionProperties) = preSolution
		HideSolutionNode = FALSE
	EndGlobalSection
	GlobalSection(ExtensibilityGlobals) = postSolution
		SolutionGuid = {0D5F87F1-FBC2-4370-A87F-4E8FB4285BA7}
	EndGlobalSection
EndGlobal
